
Microsoft Visual Studio Solution File, Format Version 12.00
# Visual Studio Version 17
VisualStudioVersion = 17.3.32819.101
MinimumVisualStudioVersion = 10.0.40219.1
Project("{8BC9CEB8-8B4A-11D0-8D11-00A0C91BC942}") = "memory_manager", "memory_manager\memory_manager.vcxproj", "{43AD3FBE-095A-48C7-ACCE-013EBA2F5514}"
EndProject
Global
	GlobalSection(SolutionConfigurationPlatforms) = preSolution
		Debug|x64 = Debug|x64
		Debug|x86 = Debug|x86
		Release|x64 = Release|x64
		Release|x86 = Release|x86
	EndGlobalSection
	GlobalSection(ProjectConfigurationPlatforms) = postSolution
		{43AD3FBE-095A-48C7-ACCE-013EBA2F5514}.Debug|x64.ActiveCfg = Debug|x64
		{43AD3FBE-095A-48C7-ACCE-013EBA2F5514}.Debug|x64.Build.0 = Debug|x64
		{43AD3FBE-095A-48C7-ACCE-013EBA2F5514}.Debug|x86.ActiveCfg = Debug|Win32
		{43AD3FBE-095A-48C7-ACCE-013EBA2F5514}.Debug|x86.Build.0 = Debug|Win32
		{43AD3FBE-095A-48C7-ACCE-013EBA2F5514}.Release|x64.ActiveCfg = Release|x64
		{43AD3FBE-095A-48C7-ACCE-013EBA2F5514}.Release|x64.Build.0 = Release|x64
		{43AD3FBE-095A-48C7-ACCE-013EBA2F5514}.Release|x86.ActiveCfg = Release|Win32
		{43AD3FBE-095A-48C7-ACCE-013EBA2F5514}.Release|x86.Build.0 = Release|Win32
	EndGlobalSection
	GlobalSection(SolutionProperties) = preSolution
		HideSolutionNode = FALSE
	EndGlobalSection
	GlobalSection(ExtensibilityGlobals) = postSolution
		SolutionGuid = {3CE624C5-3078-4BDB-8696-549E691ED0FD}
	EndGlobalSection
EndGlobal
